// !$*UTF8*$!
{
	archiveVersion = 1;
	classes = {
	};
	objectVersion = 50;
	objects = {

/* Begin PBXBuildFile section */
		D41FEF6824EBFA0600C6DE27 /* TimeStateEnum.swift in Sources */ = {isa = PBXBuildFile; fileRef = D41FEF6724EBFA0600C6DE27 /* TimeStateEnum.swift */; };
		D41FEF6A24EBFA5300C6DE27 /* TimerViewModelDelegate.swift in Sources */ = {isa = PBXBuildFile; fileRef = D41FEF6924EBFA5300C6DE27 /* TimerViewModelDelegate.swift */; };
		D41FEF6C24EBFAC400C6DE27 /* TimeStruct.swift in Sources */ = {isa = PBXBuildFile; fileRef = D41FEF6B24EBFAC400C6DE27 /* TimeStruct.swift */; };
		D41FEF6E24EBFB9400C6DE27 /* Constants.swift in Sources */ = {isa = PBXBuildFile; fileRef = D41FEF6D24EBFB9400C6DE27 /* Constants.swift */; };
		D41FEF7024EC042600C6DE27 /* TimerClockFaceView.swift in Sources */ = {isa = PBXBuildFile; fileRef = D41FEF6F24EC042600C6DE27 /* TimerClockFaceView.swift */; };
		D42F84FA2506A41E00B20115 /* WorldClockViewModel.swift in Sources */ = {isa = PBXBuildFile; fileRef = D42F84F92506A41E00B20115 /* WorldClockViewModel.swift */; };
		D42F84FD2506A64A00B20115 /* CitiesPickerViewController.swift in Sources */ = {isa = PBXBuildFile; fileRef = D42F84FC2506A64A00B20115 /* CitiesPickerViewController.swift */; };
		D430670024F946AC00DEB487 /* Tune.swift in Sources */ = {isa = PBXBuildFile; fileRef = D43066FF24F946AC00DEB487 /* Tune.swift */; };
		D430670224F9483000DEB487 /* TuneSelectionViewModel.swift in Sources */ = {isa = PBXBuildFile; fileRef = D430670124F9483000DEB487 /* TuneSelectionViewModel.swift */; };
		D430670424F9668D00DEB487 /* TuneCellViewModel.swift in Sources */ = {isa = PBXBuildFile; fileRef = D430670324F9668D00DEB487 /* TuneCellViewModel.swift */; };
		D431BE5424EBCD0900F989BD /* UIButton.swift in Sources */ = {isa = PBXBuildFile; fileRef = D431BE5324EBCD0900F989BD /* UIButton.swift */; };
		D43274E924FE33FF001A1C8E /* StopwatchViewModel.swift in Sources */ = {isa = PBXBuildFile; fileRef = D43274E824FE33FF001A1C8E /* StopwatchViewModel.swift */; };
		D43274EB24FE37C1001A1C8E /* StopwatchCell.swift in Sources */ = {isa = PBXBuildFile; fileRef = D43274EA24FE37C1001A1C8E /* StopwatchCell.swift */; };
		D4336E6A250A8A1D006159EA /* TimeZone.swift in Sources */ = {isa = PBXBuildFile; fileRef = D4336E69250A8A1D006159EA /* TimeZone.swift */; };
		D435C62F24F8369400E171C6 /* TuneSelectionCell.swift in Sources */ = {isa = PBXBuildFile; fileRef = D435C62E24F8369400E171C6 /* TuneSelectionCell.swift */; };
		D4368EA324EBD53C00D7B5C9 /* TimerViewModel.swift in Sources */ = {isa = PBXBuildFile; fileRef = D4368EA224EBD53C00D7B5C9 /* TimerViewModel.swift */; };
		D438C9B0251286D0006E3A1D /* AlarmTableViewCell.swift in Sources */ = {isa = PBXBuildFile; fileRef = D438C9AF251286D0006E3A1D /* AlarmTableViewCell.swift */; };
		D438C9B2251286E8006E3A1D /* AlarmTableViewCellViewModel.swift in Sources */ = {isa = PBXBuildFile; fileRef = D438C9B1251286E8006E3A1D /* AlarmTableViewCellViewModel.swift */; };
		D438F4142506B65600E3D0B7 /* CitiesPickerViewModel.swift in Sources */ = {isa = PBXBuildFile; fileRef = D438F4132506B65600E3D0B7 /* CitiesPickerViewModel.swift */; };
		D43A2A0524EA736800315B5D /* Functions.swift in Sources */ = {isa = PBXBuildFile; fileRef = D43A2A0424EA736800315B5D /* Functions.swift */; };
		D441D3B524E80E5500ACCC4E /* AppDelegate.swift in Sources */ = {isa = PBXBuildFile; fileRef = D441D3B424E80E5500ACCC4E /* AppDelegate.swift */; };
		D441D3B924E80E5500ACCC4E /* HomeViewController.swift in Sources */ = {isa = PBXBuildFile; fileRef = D441D3B824E80E5500ACCC4E /* HomeViewController.swift */; };
		D441D3BF24E80E5500ACCC4E /* Clock.xcdatamodeld in Sources */ = {isa = PBXBuildFile; fileRef = D441D3BD24E80E5500ACCC4E /* Clock.xcdatamodeld */; };
		D441D3C124E80E5900ACCC4E /* Assets.xcassets in Resources */ = {isa = PBXBuildFile; fileRef = D441D3C024E80E5900ACCC4E /* Assets.xcassets */; };
		D441D3C424E80E5900ACCC4E /* LaunchScreen.storyboard in Resources */ = {isa = PBXBuildFile; fileRef = D441D3C224E80E5900ACCC4E /* LaunchScreen.storyboard */; };
		D441D3CF24E80E5900ACCC4E /* ClockTests.swift in Sources */ = {isa = PBXBuildFile; fileRef = D441D3CE24E80E5900ACCC4E /* ClockTests.swift */; };
		D441D3DA24E80E5900ACCC4E /* ClockUITests.swift in Sources */ = {isa = PBXBuildFile; fileRef = D441D3D924E80E5900ACCC4E /* ClockUITests.swift */; };
		D441D3E824E8288800ACCC4E /* TimerViewController.swift in Sources */ = {isa = PBXBuildFile; fileRef = D441D3E724E8288800ACCC4E /* TimerViewController.swift */; };
		D441D3EA24E8299800ACCC4E /* StopwatchViewController.swift in Sources */ = {isa = PBXBuildFile; fileRef = D441D3E924E8299800ACCC4E /* StopwatchViewController.swift */; };
		D446179125025FC900A2551F /* StopwatchCellViewModel.swift in Sources */ = {isa = PBXBuildFile; fileRef = D446179025025FC900A2551F /* StopwatchCellViewModel.swift */; };
		D4461793250299ED00A2551F /* LapState.swift in Sources */ = {isa = PBXBuildFile; fileRef = D4461792250299ED00A2551F /* LapState.swift */; };
		D448654924FD5EB400EF1505 /* StopwatchFaceCollectionViewController.swift in Sources */ = {isa = PBXBuildFile; fileRef = D448654824FD5EB400EF1505 /* StopwatchFaceCollectionViewController.swift */; };
		D448654D24FD871B00EF1505 /* StopwatchDigitalClockFaceCell.swift in Sources */ = {isa = PBXBuildFile; fileRef = D448654C24FD871B00EF1505 /* StopwatchDigitalClockFaceCell.swift */; };
		D448654F24FD874600EF1505 /* StopwatchAnalogClockFaceCell.swift in Sources */ = {isa = PBXBuildFile; fileRef = D448654E24FD874600EF1505 /* StopwatchAnalogClockFaceCell.swift */; };
		D44B9C0025081FA400C53677 /* WordlClockTableViewCell.swift in Sources */ = {isa = PBXBuildFile; fileRef = D44B9BFF25081FA400C53677 /* WordlClockTableViewCell.swift */; };
		D463897C24FE79E60000673D /* StopwatchState.swift in Sources */ = {isa = PBXBuildFile; fileRef = D463897B24FE79E60000673D /* StopwatchState.swift */; };
		D46EAA6524F3F67100321B41 /* TunePickerButton.swift in Sources */ = {isa = PBXBuildFile; fileRef = D46EAA6424F3F67100321B41 /* TunePickerButton.swift */; };
		D46EAA6824F4059F00321B41 /* TuneSelectionViewController.swift in Sources */ = {isa = PBXBuildFile; fileRef = D46EAA6724F4059F00321B41 /* TuneSelectionViewController.swift */; };
		D473F86625091FBB0077D628 /* WordlClockTableViewCellModel.swift in Sources */ = {isa = PBXBuildFile; fileRef = D473F86525091FBB0077D628 /* WordlClockTableViewCellModel.swift */; };
		D4CA75F1250838E100FEA9BE /* TimeZoneEntity.swift in Sources */ = {isa = PBXBuildFile; fileRef = D4CA75F0250838E100FEA9BE /* TimeZoneEntity.swift */; };
		D4CBD6AC2503B782001FE005 /* Beep.caf in Resources */ = {isa = PBXBuildFile; fileRef = D4CBD6AB2503B782001FE005 /* Beep.caf */; };
		D4CBD6B02503B867001FE005 /* Radar.caf in Resources */ = {isa = PBXBuildFile; fileRef = D4CBD6AF2503B867001FE005 /* Radar.caf */; };
		D4D273E825121A2E00E15A76 /* AlarmViewModel.swift in Sources */ = {isa = PBXBuildFile; fileRef = D4D273E725121A2E00E15A76 /* AlarmViewModel.swift */; };
		D4D273EA25121BCA00E15A76 /* EntityDAO.swift in Sources */ = {isa = PBXBuildFile; fileRef = D4D273E925121BCA00E15A76 /* EntityDAO.swift */; };
		D4D273EE2512244200E15A76 /* AddAlarmViewController.swift in Sources */ = {isa = PBXBuildFile; fileRef = D4D273ED2512244200E15A76 /* AddAlarmViewController.swift */; };
		D4D273F0251225C900E15A76 /* AddAlarmViewModel.swift in Sources */ = {isa = PBXBuildFile; fileRef = D4D273EF251225C900E15A76 /* AddAlarmViewModel.swift */; };
		D4D8200C24E924DC001BF1A0 /* BedtimeViewController.swift in Sources */ = {isa = PBXBuildFile; fileRef = D4D8200B24E924DC001BF1A0 /* BedtimeViewController.swift */; };
		D4D8200E24E92515001BF1A0 /* AlarmViewController.swift in Sources */ = {isa = PBXBuildFile; fileRef = D4D8200D24E92515001BF1A0 /* AlarmViewController.swift */; };
		D4D8201024E92534001BF1A0 /* WorldClockViewController.swift in Sources */ = {isa = PBXBuildFile; fileRef = D4D8200F24E92534001BF1A0 /* WorldClockViewController.swift */; };
/* End PBXBuildFile section */

/* Begin PBXContainerItemProxy section */
		D441D3CB24E80E5900ACCC4E /* PBXContainerItemProxy */ = {
			isa = PBXContainerItemProxy;
			containerPortal = D441D3A924E80E5500ACCC4E /* Project object */;
			proxyType = 1;
			remoteGlobalIDString = D441D3B024E80E5500ACCC4E;
			remoteInfo = Clock;
		};
		D441D3D624E80E5900ACCC4E /* PBXContainerItemProxy */ = {
			isa = PBXContainerItemProxy;
			containerPortal = D441D3A924E80E5500ACCC4E /* Project object */;
			proxyType = 1;
			remoteGlobalIDString = D441D3B024E80E5500ACCC4E;
			remoteInfo = Clock;
		};
/* End PBXContainerItemProxy section */

/* Begin PBXFileReference section */
		D41FEF6724EBFA0600C6DE27 /* TimeStateEnum.swift */ = {isa = PBXFileReference; lastKnownFileType = sourcecode.swift; path = TimeStateEnum.swift; sourceTree = "<group>"; };
		D41FEF6924EBFA5300C6DE27 /* TimerViewModelDelegate.swift */ = {isa = PBXFileReference; lastKnownFileType = sourcecode.swift; path = TimerViewModelDelegate.swift; sourceTree = "<group>"; };
		D41FEF6B24EBFAC400C6DE27 /* TimeStruct.swift */ = {isa = PBXFileReference; lastKnownFileType = sourcecode.swift; path = TimeStruct.swift; sourceTree = "<group>"; };
		D41FEF6D24EBFB9400C6DE27 /* Constants.swift */ = {isa = PBXFileReference; lastKnownFileType = sourcecode.swift; path = Constants.swift; sourceTree = "<group>"; };
		D41FEF6F24EC042600C6DE27 /* TimerClockFaceView.swift */ = {isa = PBXFileReference; lastKnownFileType = sourcecode.swift; path = TimerClockFaceView.swift; sourceTree = "<group>"; };
		D42F84F92506A41E00B20115 /* WorldClockViewModel.swift */ = {isa = PBXFileReference; lastKnownFileType = sourcecode.swift; path = WorldClockViewModel.swift; sourceTree = "<group>"; };
		D42F84FC2506A64A00B20115 /* CitiesPickerViewController.swift */ = {isa = PBXFileReference; lastKnownFileType = sourcecode.swift; path = CitiesPickerViewController.swift; sourceTree = "<group>"; };
		D43066FF24F946AC00DEB487 /* Tune.swift */ = {isa = PBXFileReference; lastKnownFileType = sourcecode.swift; path = Tune.swift; sourceTree = "<group>"; };
		D430670124F9483000DEB487 /* TuneSelectionViewModel.swift */ = {isa = PBXFileReference; lastKnownFileType = sourcecode.swift; path = TuneSelectionViewModel.swift; sourceTree = "<group>"; };
		D430670324F9668D00DEB487 /* TuneCellViewModel.swift */ = {isa = PBXFileReference; lastKnownFileType = sourcecode.swift; path = TuneCellViewModel.swift; sourceTree = "<group>"; };
		D431BE5324EBCD0900F989BD /* UIButton.swift */ = {isa = PBXFileReference; lastKnownFileType = sourcecode.swift; path = UIButton.swift; sourceTree = "<group>"; };
		D43274E824FE33FF001A1C8E /* StopwatchViewModel.swift */ = {isa = PBXFileReference; lastKnownFileType = sourcecode.swift; path = StopwatchViewModel.swift; sourceTree = "<group>"; };
		D43274EA24FE37C1001A1C8E /* StopwatchCell.swift */ = {isa = PBXFileReference; lastKnownFileType = sourcecode.swift; path = StopwatchCell.swift; sourceTree = "<group>"; };
		D4336E69250A8A1D006159EA /* TimeZone.swift */ = {isa = PBXFileReference; lastKnownFileType = sourcecode.swift; path = TimeZone.swift; sourceTree = "<group>"; };
		D435C62E24F8369400E171C6 /* TuneSelectionCell.swift */ = {isa = PBXFileReference; lastKnownFileType = sourcecode.swift; path = TuneSelectionCell.swift; sourceTree = "<group>"; };
		D4368EA224EBD53C00D7B5C9 /* TimerViewModel.swift */ = {isa = PBXFileReference; lastKnownFileType = sourcecode.swift; path = TimerViewModel.swift; sourceTree = "<group>"; };
		D438C9AF251286D0006E3A1D /* AlarmTableViewCell.swift */ = {isa = PBXFileReference; lastKnownFileType = sourcecode.swift; path = AlarmTableViewCell.swift; sourceTree = "<group>"; };
		D438C9B1251286E8006E3A1D /* AlarmTableViewCellViewModel.swift */ = {isa = PBXFileReference; lastKnownFileType = sourcecode.swift; path = AlarmTableViewCellViewModel.swift; sourceTree = "<group>"; };
		D438F4132506B65600E3D0B7 /* CitiesPickerViewModel.swift */ = {isa = PBXFileReference; lastKnownFileType = sourcecode.swift; path = CitiesPickerViewModel.swift; sourceTree = "<group>"; };
		D43A2A0424EA736800315B5D /* Functions.swift */ = {isa = PBXFileReference; lastKnownFileType = sourcecode.swift; path = Functions.swift; sourceTree = "<group>"; };
		D43C5DFE2503A29300089881 /* Clock.entitlements */ = {isa = PBXFileReference; lastKnownFileType = text.plist.entitlements; path = Clock.entitlements; sourceTree = "<group>"; };
		D441D3B124E80E5500ACCC4E /* Clock.app */ = {isa = PBXFileReference; explicitFileType = wrapper.application; includeInIndex = 0; path = Clock.app; sourceTree = BUILT_PRODUCTS_DIR; };
		D441D3B424E80E5500ACCC4E /* AppDelegate.swift */ = {isa = PBXFileReference; lastKnownFileType = sourcecode.swift; path = AppDelegate.swift; sourceTree = "<group>"; };
		D441D3B824E80E5500ACCC4E /* HomeViewController.swift */ = {isa = PBXFileReference; lastKnownFileType = sourcecode.swift; path = HomeViewController.swift; sourceTree = "<group>"; };
		D441D3BE24E80E5500ACCC4E /* Clock.xcdatamodel */ = {isa = PBXFileReference; lastKnownFileType = wrapper.xcdatamodel; path = Clock.xcdatamodel; sourceTree = "<group>"; };
		D441D3C024E80E5900ACCC4E /* Assets.xcassets */ = {isa = PBXFileReference; lastKnownFileType = folder.assetcatalog; path = Assets.xcassets; sourceTree = "<group>"; };
		D441D3C324E80E5900ACCC4E /* Base */ = {isa = PBXFileReference; lastKnownFileType = file.storyboard; name = Base; path = Base.lproj/LaunchScreen.storyboard; sourceTree = "<group>"; };
		D441D3C524E80E5900ACCC4E /* Info.plist */ = {isa = PBXFileReference; lastKnownFileType = text.plist.xml; path = Info.plist; sourceTree = "<group>"; };
		D441D3CA24E80E5900ACCC4E /* ClockTests.xctest */ = {isa = PBXFileReference; explicitFileType = wrapper.cfbundle; includeInIndex = 0; path = ClockTests.xctest; sourceTree = BUILT_PRODUCTS_DIR; };
		D441D3CE24E80E5900ACCC4E /* ClockTests.swift */ = {isa = PBXFileReference; lastKnownFileType = sourcecode.swift; path = ClockTests.swift; sourceTree = "<group>"; };
		D441D3D024E80E5900ACCC4E /* Info.plist */ = {isa = PBXFileReference; lastKnownFileType = text.plist.xml; path = Info.plist; sourceTree = "<group>"; };
		D441D3D524E80E5900ACCC4E /* ClockUITests.xctest */ = {isa = PBXFileReference; explicitFileType = wrapper.cfbundle; includeInIndex = 0; path = ClockUITests.xctest; sourceTree = BUILT_PRODUCTS_DIR; };
		D441D3D924E80E5900ACCC4E /* ClockUITests.swift */ = {isa = PBXFileReference; lastKnownFileType = sourcecode.swift; path = ClockUITests.swift; sourceTree = "<group>"; };
		D441D3DB24E80E5900ACCC4E /* Info.plist */ = {isa = PBXFileReference; lastKnownFileType = text.plist.xml; path = Info.plist; sourceTree = "<group>"; };
		D441D3E724E8288800ACCC4E /* TimerViewController.swift */ = {isa = PBXFileReference; lastKnownFileType = sourcecode.swift; path = TimerViewController.swift; sourceTree = "<group>"; };
		D441D3E924E8299800ACCC4E /* StopwatchViewController.swift */ = {isa = PBXFileReference; lastKnownFileType = sourcecode.swift; path = StopwatchViewController.swift; sourceTree = "<group>"; };
		D446179025025FC900A2551F /* StopwatchCellViewModel.swift */ = {isa = PBXFileReference; lastKnownFileType = sourcecode.swift; path = StopwatchCellViewModel.swift; sourceTree = "<group>"; };
		D4461792250299ED00A2551F /* LapState.swift */ = {isa = PBXFileReference; lastKnownFileType = sourcecode.swift; path = LapState.swift; sourceTree = "<group>"; };
		D448654824FD5EB400EF1505 /* StopwatchFaceCollectionViewController.swift */ = {isa = PBXFileReference; lastKnownFileType = sourcecode.swift; path = StopwatchFaceCollectionViewController.swift; sourceTree = "<group>"; };
		D448654C24FD871B00EF1505 /* StopwatchDigitalClockFaceCell.swift */ = {isa = PBXFileReference; lastKnownFileType = sourcecode.swift; path = StopwatchDigitalClockFaceCell.swift; sourceTree = "<group>"; };
		D448654E24FD874600EF1505 /* StopwatchAnalogClockFaceCell.swift */ = {isa = PBXFileReference; lastKnownFileType = sourcecode.swift; path = StopwatchAnalogClockFaceCell.swift; sourceTree = "<group>"; };
		D44B9BFF25081FA400C53677 /* WordlClockTableViewCell.swift */ = {isa = PBXFileReference; lastKnownFileType = sourcecode.swift; path = WordlClockTableViewCell.swift; sourceTree = "<group>"; };
		D463897B24FE79E60000673D /* StopwatchState.swift */ = {isa = PBXFileReference; lastKnownFileType = sourcecode.swift; path = StopwatchState.swift; sourceTree = "<group>"; };
		D46EAA6424F3F67100321B41 /* TunePickerButton.swift */ = {isa = PBXFileReference; lastKnownFileType = sourcecode.swift; path = TunePickerButton.swift; sourceTree = "<group>"; };
		D46EAA6724F4059F00321B41 /* TuneSelectionViewController.swift */ = {isa = PBXFileReference; lastKnownFileType = sourcecode.swift; path = TuneSelectionViewController.swift; sourceTree = "<group>"; };
		D473F86525091FBB0077D628 /* WordlClockTableViewCellModel.swift */ = {isa = PBXFileReference; lastKnownFileType = sourcecode.swift; path = WordlClockTableViewCellModel.swift; sourceTree = "<group>"; };
		D4CA75F0250838E100FEA9BE /* TimeZoneEntity.swift */ = {isa = PBXFileReference; lastKnownFileType = sourcecode.swift; path = TimeZoneEntity.swift; sourceTree = "<group>"; };
		D4CBD6AB2503B782001FE005 /* Beep.caf */ = {isa = PBXFileReference; lastKnownFileType = file; path = Beep.caf; sourceTree = "<group>"; };
		D4CBD6AF2503B867001FE005 /* Radar.caf */ = {isa = PBXFileReference; lastKnownFileType = file; path = Radar.caf; sourceTree = "<group>"; };
		D4D273E725121A2E00E15A76 /* AlarmViewModel.swift */ = {isa = PBXFileReference; lastKnownFileType = sourcecode.swift; path = AlarmViewModel.swift; sourceTree = "<group>"; };
		D4D273E925121BCA00E15A76 /* EntityDAO.swift */ = {isa = PBXFileReference; fileEncoding = 4; lastKnownFileType = sourcecode.swift; path = EntityDAO.swift; sourceTree = "<group>"; };
		D4D273ED2512244200E15A76 /* AddAlarmViewController.swift */ = {isa = PBXFileReference; lastKnownFileType = sourcecode.swift; path = AddAlarmViewController.swift; sourceTree = "<group>"; };
		D4D273EF251225C900E15A76 /* AddAlarmViewModel.swift */ = {isa = PBXFileReference; lastKnownFileType = sourcecode.swift; path = AddAlarmViewModel.swift; sourceTree = "<group>"; };
		D4D8200B24E924DC001BF1A0 /* BedtimeViewController.swift */ = {isa = PBXFileReference; lastKnownFileType = sourcecode.swift; path = BedtimeViewController.swift; sourceTree = "<group>"; };
		D4D8200D24E92515001BF1A0 /* AlarmViewController.swift */ = {isa = PBXFileReference; fileEncoding = 4; lastKnownFileType = sourcecode.swift; path = AlarmViewController.swift; sourceTree = "<group>"; };
		D4D8200F24E92534001BF1A0 /* WorldClockViewController.swift */ = {isa = PBXFileReference; fileEncoding = 4; lastKnownFileType = sourcecode.swift; path = WorldClockViewController.swift; sourceTree = "<group>"; };
/* End PBXFileReference section */

/* Begin PBXFrameworksBuildPhase section */
		D441D3AE24E80E5500ACCC4E /* Frameworks */ = {
			isa = PBXFrameworksBuildPhase;
			buildActionMask = 2147483647;
			files = (
			);
			runOnlyForDeploymentPostprocessing = 0;
		};
		D441D3C724E80E5900ACCC4E /* Frameworks */ = {
			isa = PBXFrameworksBuildPhase;
			buildActionMask = 2147483647;
			files = (
			);
			runOnlyForDeploymentPostprocessing = 0;
		};
		D441D3D224E80E5900ACCC4E /* Frameworks */ = {
			isa = PBXFrameworksBuildPhase;
			buildActionMask = 2147483647;
			files = (
			);
			runOnlyForDeploymentPostprocessing = 0;
		};
/* End PBXFrameworksBuildPhase section */

/* Begin PBXGroup section */
		D41FEF6624EBF9E300C6DE27 /* Support */ = {
			isa = PBXGroup;
			children = (
				D46EAA6624F4055900321B41 /* TuneSelectionScene */,
				D41FEF6724EBFA0600C6DE27 /* TimeStateEnum.swift */,
				D41FEF6F24EC042600C6DE27 /* TimerClockFaceView.swift */,
				D41FEF6924EBFA5300C6DE27 /* TimerViewModelDelegate.swift */,
				D41FEF6B24EBFAC400C6DE27 /* TimeStruct.swift */,
				D46EAA6424F3F67100321B41 /* TunePickerButton.swift */,
			);
			path = Support;
			sourceTree = "<group>";
		};
		D42F6763250520F3001A58FA /* WorldClock */ = {
			isa = PBXGroup;
			children = (
				D4D8200F24E92534001BF1A0 /* WorldClockViewController.swift */,
				D42F84F92506A41E00B20115 /* WorldClockViewModel.swift */,
				D42F84FB2506A5B800B20115 /* Support */,
			);
			path = WorldClock;
			sourceTree = "<group>";
		};
		D42F84FB2506A5B800B20115 /* Support */ = {
			isa = PBXGroup;
			children = (
				D44B9BFE25081F6100C53677 /* CitiesPickerScene */,
				D44B9BFF25081FA400C53677 /* WordlClockTableViewCell.swift */,
				D473F86525091FBB0077D628 /* WordlClockTableViewCellModel.swift */,
			);
			path = Support;
			sourceTree = "<group>";
		};
		D431BE5224EBCCEB00F989BD /* Extensions */ = {
			isa = PBXGroup;
			children = (
				D431BE5324EBCD0900F989BD /* UIButton.swift */,
				D4CA75F0250838E100FEA9BE /* TimeZoneEntity.swift */,
				D4336E69250A8A1D006159EA /* TimeZone.swift */,
			);
			path = Extensions;
			sourceTree = "<group>";
		};
		D4368EA024EBD50F00D7B5C9 /* Scenes */ = {
			isa = PBXGroup;
			children = (
				D43D49672512169200216152 /* Alarm */,
				D42F6763250520F3001A58FA /* WorldClock */,
				D448654624FD577300EF1505 /* Stopwatch */,
				D4368EA124EBD51F00D7B5C9 /* Timer */,
			);
			path = Scenes;
			sourceTree = "<group>";
		};
		D4368EA124EBD51F00D7B5C9 /* Timer */ = {
			isa = PBXGroup;
			children = (
				D441D3E724E8288800ACCC4E /* TimerViewController.swift */,
				D4368EA224EBD53C00D7B5C9 /* TimerViewModel.swift */,
				D41FEF6624EBF9E300C6DE27 /* Support */,
			);
			path = Timer;
			sourceTree = "<group>";
		};
		D43A2A0324EA734200315B5D /* Utility */ = {
			isa = PBXGroup;
			children = (
				D4D5C7B425082D2500D34B77 /* DAO */,
				D43A2A0424EA736800315B5D /* Functions.swift */,
			);
			path = Utility;
			sourceTree = "<group>";
		};
		D43D49672512169200216152 /* Alarm */ = {
			isa = PBXGroup;
			children = (
				D4D8200D24E92515001BF1A0 /* AlarmViewController.swift */,
				D4D273E725121A2E00E15A76 /* AlarmViewModel.swift */,
				D4D273EB251223AA00E15A76 /* Support */,
			);
			path = Alarm;
			sourceTree = "<group>";
		};
		D441D3A824E80E5500ACCC4E = {
			isa = PBXGroup;
			children = (
				D441D3B324E80E5500ACCC4E /* Clock */,
				D441D3CD24E80E5900ACCC4E /* ClockTests */,
				D441D3D824E80E5900ACCC4E /* ClockUITests */,
				D441D3B224E80E5500ACCC4E /* Products */,
			);
			sourceTree = "<group>";
		};
		D441D3B224E80E5500ACCC4E /* Products */ = {
			isa = PBXGroup;
			children = (
				D441D3B124E80E5500ACCC4E /* Clock.app */,
				D441D3CA24E80E5900ACCC4E /* ClockTests.xctest */,
				D441D3D524E80E5900ACCC4E /* ClockUITests.xctest */,
			);
			name = Products;
			sourceTree = "<group>";
		};
		D441D3B324E80E5500ACCC4E /* Clock */ = {
			isa = PBXGroup;
			children = (
				D4CBD6AA2503B75E001FE005 /* Alerts */,
				D43C5DFE2503A29300089881 /* Clock.entitlements */,
				D4368EA024EBD50F00D7B5C9 /* Scenes */,
				D431BE5224EBCCEB00F989BD /* Extensions */,
				D43A2A0324EA734200315B5D /* Utility */,
				D441D3B424E80E5500ACCC4E /* AppDelegate.swift */,
				D441D3B824E80E5500ACCC4E /* HomeViewController.swift */,
				D4D8200B24E924DC001BF1A0 /* BedtimeViewController.swift */,
				D441D3C024E80E5900ACCC4E /* Assets.xcassets */,
				D441D3C224E80E5900ACCC4E /* LaunchScreen.storyboard */,
				D441D3C524E80E5900ACCC4E /* Info.plist */,
				D441D3BD24E80E5500ACCC4E /* Clock.xcdatamodeld */,
				D41FEF6D24EBFB9400C6DE27 /* Constants.swift */,
			);
			path = Clock;
			sourceTree = "<group>";
		};
		D441D3CD24E80E5900ACCC4E /* ClockTests */ = {
			isa = PBXGroup;
			children = (
				D441D3CE24E80E5900ACCC4E /* ClockTests.swift */,
				D441D3D024E80E5900ACCC4E /* Info.plist */,
			);
			path = ClockTests;
			sourceTree = "<group>";
		};
		D441D3D824E80E5900ACCC4E /* ClockUITests */ = {
			isa = PBXGroup;
			children = (
				D441D3D924E80E5900ACCC4E /* ClockUITests.swift */,
				D441D3DB24E80E5900ACCC4E /* Info.plist */,
			);
			path = ClockUITests;
			sourceTree = "<group>";
		};
		D448654624FD577300EF1505 /* Stopwatch */ = {
			isa = PBXGroup;
			children = (
				D441D3E924E8299800ACCC4E /* StopwatchViewController.swift */,
				D43274E824FE33FF001A1C8E /* StopwatchViewModel.swift */,
				D463897A24FE79B20000673D /* Support */,
				D43274EA24FE37C1001A1C8E /* StopwatchCell.swift */,
				D446179025025FC900A2551F /* StopwatchCellViewModel.swift */,
			);
			path = Stopwatch;
			sourceTree = "<group>";
		};
		D448654724FD5E7F00EF1505 /* StopwatchFaceCollection */ = {
			isa = PBXGroup;
			children = (
				D448654824FD5EB400EF1505 /* StopwatchFaceCollectionViewController.swift */,
				D448654C24FD871B00EF1505 /* StopwatchDigitalClockFaceCell.swift */,
				D448654E24FD874600EF1505 /* StopwatchAnalogClockFaceCell.swift */,
			);
			path = StopwatchFaceCollection;
			sourceTree = "<group>";
		};
		D44B9BFE25081F6100C53677 /* CitiesPickerScene */ = {
			isa = PBXGroup;
			children = (
				D42F84FC2506A64A00B20115 /* CitiesPickerViewController.swift */,
				D438F4132506B65600E3D0B7 /* CitiesPickerViewModel.swift */,
			);
			path = CitiesPickerScene;
			sourceTree = "<group>";
		};
		D463897A24FE79B20000673D /* Support */ = {
			isa = PBXGroup;
			children = (
				D448654724FD5E7F00EF1505 /* StopwatchFaceCollection */,
				D463897B24FE79E60000673D /* StopwatchState.swift */,
				D4461792250299ED00A2551F /* LapState.swift */,
			);
			path = Support;
			sourceTree = "<group>";
		};
		D46EAA6624F4055900321B41 /* TuneSelectionScene */ = {
			isa = PBXGroup;
			children = (
				D46EAA6724F4059F00321B41 /* TuneSelectionViewController.swift */,
				D430670124F9483000DEB487 /* TuneSelectionViewModel.swift */,
				D435C62E24F8369400E171C6 /* TuneSelectionCell.swift */,
				D43066FF24F946AC00DEB487 /* Tune.swift */,
				D430670324F9668D00DEB487 /* TuneCellViewModel.swift */,
			);
			path = TuneSelectionScene;
			sourceTree = "<group>";
		};
		D4CBD6AA2503B75E001FE005 /* Alerts */ = {
			isa = PBXGroup;
			children = (
				D4CBD6AB2503B782001FE005 /* Beep.caf */,
				D4CBD6AF2503B867001FE005 /* Radar.caf */,
			);
			path = Alerts;
			sourceTree = "<group>";
		};
		D4D273EB251223AA00E15A76 /* Support */ = {
			isa = PBXGroup;
			children = (
				D4D273EC251223C400E15A76 /* AddAlarmScene */,
				D438C9AF251286D0006E3A1D /* AlarmTableViewCell.swift */,
				D438C9B1251286E8006E3A1D /* AlarmTableViewCellViewModel.swift */,
			);
			path = Support;
			sourceTree = "<group>";
		};
		D4D273EC251223C400E15A76 /* AddAlarmScene */ = {
			isa = PBXGroup;
			children = (
				D4D273ED2512244200E15A76 /* AddAlarmViewController.swift */,
				D4D273EF251225C900E15A76 /* AddAlarmViewModel.swift */,
			);
			path = AddAlarmScene;
			sourceTree = "<group>";
		};
		D4D5C7B425082D2500D34B77 /* DAO */ = {
			isa = PBXGroup;
			children = (
				D4D273E925121BCA00E15A76 /* EntityDAO.swift */,
			);
			path = DAO;
			sourceTree = "<group>";
		};
/* End PBXGroup section */

/* Begin PBXNativeTarget section */
		D441D3B024E80E5500ACCC4E /* Clock */ = {
			isa = PBXNativeTarget;
			buildConfigurationList = D441D3DE24E80E5A00ACCC4E /* Build configuration list for PBXNativeTarget "Clock" */;
			buildPhases = (
				D441D3AD24E80E5500ACCC4E /* Sources */,
				D441D3AE24E80E5500ACCC4E /* Frameworks */,
				D441D3AF24E80E5500ACCC4E /* Resources */,
			);
			buildRules = (
			);
			dependencies = (
			);
			name = Clock;
			productName = Clock;
			productReference = D441D3B124E80E5500ACCC4E /* Clock.app */;
			productType = "com.apple.product-type.application";
		};
		D441D3C924E80E5900ACCC4E /* ClockTests */ = {
			isa = PBXNativeTarget;
			buildConfigurationList = D441D3E124E80E5A00ACCC4E /* Build configuration list for PBXNativeTarget "ClockTests" */;
			buildPhases = (
				D441D3C624E80E5900ACCC4E /* Sources */,
				D441D3C724E80E5900ACCC4E /* Frameworks */,
				D441D3C824E80E5900ACCC4E /* Resources */,
			);
			buildRules = (
			);
			dependencies = (
				D441D3CC24E80E5900ACCC4E /* PBXTargetDependency */,
			);
			name = ClockTests;
			productName = ClockTests;
			productReference = D441D3CA24E80E5900ACCC4E /* ClockTests.xctest */;
			productType = "com.apple.product-type.bundle.unit-test";
		};
		D441D3D424E80E5900ACCC4E /* ClockUITests */ = {
			isa = PBXNativeTarget;
			buildConfigurationList = D441D3E424E80E5A00ACCC4E /* Build configuration list for PBXNativeTarget "ClockUITests" */;
			buildPhases = (
				D441D3D124E80E5900ACCC4E /* Sources */,
				D441D3D224E80E5900ACCC4E /* Frameworks */,
				D441D3D324E80E5900ACCC4E /* Resources */,
			);
			buildRules = (
			);
			dependencies = (
				D441D3D724E80E5900ACCC4E /* PBXTargetDependency */,
			);
			name = ClockUITests;
			productName = ClockUITests;
			productReference = D441D3D524E80E5900ACCC4E /* ClockUITests.xctest */;
			productType = "com.apple.product-type.bundle.ui-testing";
		};
/* End PBXNativeTarget section */

/* Begin PBXProject section */
		D441D3A924E80E5500ACCC4E /* Project object */ = {
			isa = PBXProject;
			attributes = {
				LastSwiftUpdateCheck = 1160;
				LastUpgradeCheck = 1160;
				ORGANIZATIONNAME = Hardijs;
				TargetAttributes = {
					D441D3B024E80E5500ACCC4E = {
						CreatedOnToolsVersion = 11.6;
					};
					D441D3C924E80E5900ACCC4E = {
						CreatedOnToolsVersion = 11.6;
						TestTargetID = D441D3B024E80E5500ACCC4E;
					};
					D441D3D424E80E5900ACCC4E = {
						CreatedOnToolsVersion = 11.6;
						TestTargetID = D441D3B024E80E5500ACCC4E;
					};
				};
			};
			buildConfigurationList = D441D3AC24E80E5500ACCC4E /* Build configuration list for PBXProject "Clock" */;
			compatibilityVersion = "Xcode 9.3";
			developmentRegion = en;
			hasScannedForEncodings = 0;
			knownRegions = (
				en,
				Base,
			);
			mainGroup = D441D3A824E80E5500ACCC4E;
			productRefGroup = D441D3B224E80E5500ACCC4E /* Products */;
			projectDirPath = "";
			projectRoot = "";
			targets = (
				D441D3B024E80E5500ACCC4E /* Clock */,
				D441D3C924E80E5900ACCC4E /* ClockTests */,
				D441D3D424E80E5900ACCC4E /* ClockUITests */,
			);
		};
/* End PBXProject section */

/* Begin PBXResourcesBuildPhase section */
		D441D3AF24E80E5500ACCC4E /* Resources */ = {
			isa = PBXResourcesBuildPhase;
			buildActionMask = 2147483647;
			files = (
				D4CBD6B02503B867001FE005 /* Radar.caf in Resources */,
				D4CBD6AC2503B782001FE005 /* Beep.caf in Resources */,
				D441D3C424E80E5900ACCC4E /* LaunchScreen.storyboard in Resources */,
				D441D3C124E80E5900ACCC4E /* Assets.xcassets in Resources */,
			);
			runOnlyForDeploymentPostprocessing = 0;
		};
		D441D3C824E80E5900ACCC4E /* Resources */ = {
			isa = PBXResourcesBuildPhase;
			buildActionMask = 2147483647;
			files = (
			);
			runOnlyForDeploymentPostprocessing = 0;
		};
		D441D3D324E80E5900ACCC4E /* Resources */ = {
			isa = PBXResourcesBuildPhase;
			buildActionMask = 2147483647;
			files = (
			);
			runOnlyForDeploymentPostprocessing = 0;
		};
/* End PBXResourcesBuildPhase section */

/* Begin PBXSourcesBuildPhase section */
		D441D3AD24E80E5500ACCC4E /* Sources */ = {
			isa = PBXSourcesBuildPhase;
			buildActionMask = 2147483647;
			files = (
				D446179125025FC900A2551F /* StopwatchCellViewModel.swift in Sources */,
				D42F84FA2506A41E00B20115 /* WorldClockViewModel.swift in Sources */,
				D441D3E824E8288800ACCC4E /* TimerViewController.swift in Sources */,
				D4CA75F1250838E100FEA9BE /* TimeZoneEntity.swift in Sources */,
				D4D273E825121A2E00E15A76 /* AlarmViewModel.swift in Sources */,
				D438C9B0251286D0006E3A1D /* AlarmTableViewCell.swift in Sources */,
				D4D273EA25121BCA00E15A76 /* EntityDAO.swift in Sources */,
				D41FEF6824EBFA0600C6DE27 /* TimeStateEnum.swift in Sources */,
				D448654924FD5EB400EF1505 /* StopwatchFaceCollectionViewController.swift in Sources */,
				D441D3B924E80E5500ACCC4E /* HomeViewController.swift in Sources */,
				D46EAA6824F4059F00321B41 /* TuneSelectionViewController.swift in Sources */,
				D41FEF6C24EBFAC400C6DE27 /* TimeStruct.swift in Sources */,
				D4D273F0251225C900E15A76 /* AddAlarmViewModel.swift in Sources */,
				D4336E6A250A8A1D006159EA /* TimeZone.swift in Sources */,
				D4D273EE2512244200E15A76 /* AddAlarmViewController.swift in Sources */,
				D430670024F946AC00DEB487 /* Tune.swift in Sources */,
				D435C62F24F8369400E171C6 /* TuneSelectionCell.swift in Sources */,
				D4461793250299ED00A2551F /* LapState.swift in Sources */,
				D41FEF6A24EBFA5300C6DE27 /* TimerViewModelDelegate.swift in Sources */,
				D46EAA6524F3F67100321B41 /* TunePickerButton.swift in Sources */,
				D43274E924FE33FF001A1C8E /* StopwatchViewModel.swift in Sources */,
				D41FEF6E24EBFB9400C6DE27 /* Constants.swift in Sources */,
				D430670424F9668D00DEB487 /* TuneCellViewModel.swift in Sources */,
				D463897C24FE79E60000673D /* StopwatchState.swift in Sources */,
				D43A2A0524EA736800315B5D /* Functions.swift in Sources */,
				D42F84FD2506A64A00B20115 /* CitiesPickerViewController.swift in Sources */,
				D43274EB24FE37C1001A1C8E /* StopwatchCell.swift in Sources */,
				D4D8200E24E92515001BF1A0 /* AlarmViewController.swift in Sources */,
				D441D3EA24E8299800ACCC4E /* StopwatchViewController.swift in Sources */,
				D431BE5424EBCD0900F989BD /* UIButton.swift in Sources */,
				D4D8201024E92534001BF1A0 /* WorldClockViewController.swift in Sources */,
				D41FEF7024EC042600C6DE27 /* TimerClockFaceView.swift in Sources */,
				D4D8200C24E924DC001BF1A0 /* BedtimeViewController.swift in Sources */,
				D430670224F9483000DEB487 /* TuneSelectionViewModel.swift in Sources */,
				D44B9C0025081FA400C53677 /* WordlClockTableViewCell.swift in Sources */,
				D438F4142506B65600E3D0B7 /* CitiesPickerViewModel.swift in Sources */,
				D448654D24FD871B00EF1505 /* StopwatchDigitalClockFaceCell.swift in Sources */,
				D4368EA324EBD53C00D7B5C9 /* TimerViewModel.swift in Sources */,
				D441D3B524E80E5500ACCC4E /* AppDelegate.swift in Sources */,
				D438C9B2251286E8006E3A1D /* AlarmTableViewCellViewModel.swift in Sources */,
				D441D3BF24E80E5500ACCC4E /* Clock.xcdatamodeld in Sources */,
				D448654F24FD874600EF1505 /* StopwatchAnalogClockFaceCell.swift in Sources */,
				D473F86625091FBB0077D628 /* WordlClockTableViewCellModel.swift in Sources */,
			);
			runOnlyForDeploymentPostprocessing = 0;
		};
		D441D3C624E80E5900ACCC4E /* Sources */ = {
			isa = PBXSourcesBuildPhase;
			buildActionMask = 2147483647;
			files = (
				D441D3CF24E80E5900ACCC4E /* ClockTests.swift in Sources */,
			);
			runOnlyForDeploymentPostprocessing = 0;
		};
		D441D3D124E80E5900ACCC4E /* Sources */ = {
			isa = PBXSourcesBuildPhase;
			buildActionMask = 2147483647;
			files = (
				D441D3DA24E80E5900ACCC4E /* ClockUITests.swift in Sources */,
			);
			runOnlyForDeploymentPostprocessing = 0;
		};
/* End PBXSourcesBuildPhase section */

/* Begin PBXTargetDependency section */
		D441D3CC24E80E5900ACCC4E /* PBXTargetDependency */ = {
			isa = PBXTargetDependency;
			target = D441D3B024E80E5500ACCC4E /* Clock */;
			targetProxy = D441D3CB24E80E5900ACCC4E /* PBXContainerItemProxy */;
		};
		D441D3D724E80E5900ACCC4E /* PBXTargetDependency */ = {
			isa = PBXTargetDependency;
			target = D441D3B024E80E5500ACCC4E /* Clock */;
			targetProxy = D441D3D624E80E5900ACCC4E /* PBXContainerItemProxy */;
		};
/* End PBXTargetDependency section */

/* Begin PBXVariantGroup section */
		D441D3C224E80E5900ACCC4E /* LaunchScreen.storyboard */ = {
			isa = PBXVariantGroup;
			children = (
				D441D3C324E80E5900ACCC4E /* Base */,
			);
			name = LaunchScreen.storyboard;
			sourceTree = "<group>";
		};
/* End PBXVariantGroup section */

/* Begin XCBuildConfiguration section */
		D441D3DC24E80E5900ACCC4E /* Debug */ = {
			isa = XCBuildConfiguration;
			buildSettings = {
				ALWAYS_SEARCH_USER_PATHS = NO;
				CLANG_ANALYZER_NONNULL = YES;
				CLANG_ANALYZER_NUMBER_OBJECT_CONVERSION = YES_AGGRESSIVE;
				CLANG_CXX_LANGUAGE_STANDARD = "gnu++14";
				CLANG_CXX_LIBRARY = "libc++";
				CLANG_ENABLE_MODULES = YES;
				CLANG_ENABLE_OBJC_ARC = YES;
				CLANG_ENABLE_OBJC_WEAK = YES;
				CLANG_WARN_BLOCK_CAPTURE_AUTORELEASING = YES;
				CLANG_WARN_BOOL_CONVERSION = YES;
				CLANG_WARN_COMMA = YES;
				CLANG_WARN_CONSTANT_CONVERSION = YES;
				CLANG_WARN_DEPRECATED_OBJC_IMPLEMENTATIONS = YES;
				CLANG_WARN_DIRECT_OBJC_ISA_USAGE = YES_ERROR;
				CLANG_WARN_DOCUMENTATION_COMMENTS = YES;
				CLANG_WARN_EMPTY_BODY = YES;
				CLANG_WARN_ENUM_CONVERSION = YES;
				CLANG_WARN_INFINITE_RECURSION = YES;
				CLANG_WARN_INT_CONVERSION = YES;
				CLANG_WARN_NON_LITERAL_NULL_CONVERSION = YES;
				CLANG_WARN_OBJC_IMPLICIT_RETAIN_SELF = YES;
				CLANG_WARN_OBJC_LITERAL_CONVERSION = YES;
				CLANG_WARN_OBJC_ROOT_CLASS = YES_ERROR;
				CLANG_WARN_RANGE_LOOP_ANALYSIS = YES;
				CLANG_WARN_STRICT_PROTOTYPES = YES;
				CLANG_WARN_SUSPICIOUS_MOVE = YES;
				CLANG_WARN_UNGUARDED_AVAILABILITY = YES_AGGRESSIVE;
				CLANG_WARN_UNREACHABLE_CODE = YES;
				CLANG_WARN__DUPLICATE_METHOD_MATCH = YES;
				COPY_PHASE_STRIP = NO;
				DEBUG_INFORMATION_FORMAT = dwarf;
				ENABLE_STRICT_OBJC_MSGSEND = YES;
				ENABLE_TESTABILITY = YES;
				GCC_C_LANGUAGE_STANDARD = gnu11;
				GCC_DYNAMIC_NO_PIC = NO;
				GCC_NO_COMMON_BLOCKS = YES;
				GCC_OPTIMIZATION_LEVEL = 0;
				GCC_PREPROCESSOR_DEFINITIONS = (
					"DEBUG=1",
					"$(inherited)",
				);
				GCC_WARN_64_TO_32_BIT_CONVERSION = YES;
				GCC_WARN_ABOUT_RETURN_TYPE = YES_ERROR;
				GCC_WARN_UNDECLARED_SELECTOR = YES;
				GCC_WARN_UNINITIALIZED_AUTOS = YES_AGGRESSIVE;
				GCC_WARN_UNUSED_FUNCTION = YES;
				GCC_WARN_UNUSED_VARIABLE = YES;
				IPHONEOS_DEPLOYMENT_TARGET = 13.6;
				MTL_ENABLE_DEBUG_INFO = INCLUDE_SOURCE;
				MTL_FAST_MATH = YES;
				ONLY_ACTIVE_ARCH = YES;
				SDKROOT = iphoneos;
				SWIFT_ACTIVE_COMPILATION_CONDITIONS = DEBUG;
				SWIFT_OPTIMIZATION_LEVEL = "-Onone";
			};
			name = Debug;
		};
		D441D3DD24E80E5900ACCC4E /* Release */ = {
			isa = XCBuildConfiguration;
			buildSettings = {
				ALWAYS_SEARCH_USER_PATHS = NO;
				CLANG_ANALYZER_NONNULL = YES;
				CLANG_ANALYZER_NUMBER_OBJECT_CONVERSION = YES_AGGRESSIVE;
				CLANG_CXX_LANGUAGE_STANDARD = "gnu++14";
				CLANG_CXX_LIBRARY = "libc++";
				CLANG_ENABLE_MODULES = YES;
				CLANG_ENABLE_OBJC_ARC = YES;
				CLANG_ENABLE_OBJC_WEAK = YES;
				CLANG_WARN_BLOCK_CAPTURE_AUTORELEASING = YES;
				CLANG_WARN_BOOL_CONVERSION = YES;
				CLANG_WARN_COMMA = YES;
				CLANG_WARN_CONSTANT_CONVERSION = YES;
				CLANG_WARN_DEPRECATED_OBJC_IMPLEMENTATIONS = YES;
				CLANG_WARN_DIRECT_OBJC_ISA_USAGE = YES_ERROR;
				CLANG_WARN_DOCUMENTATION_COMMENTS = YES;
				CLANG_WARN_EMPTY_BODY = YES;
				CLANG_WARN_ENUM_CONVERSION = YES;
				CLANG_WARN_INFINITE_RECURSION = YES;
				CLANG_WARN_INT_CONVERSION = YES;
				CLANG_WARN_NON_LITERAL_NULL_CONVERSION = YES;
				CLANG_WARN_OBJC_IMPLICIT_RETAIN_SELF = YES;
				CLANG_WARN_OBJC_LITERAL_CONVERSION = YES;
				CLANG_WARN_OBJC_ROOT_CLASS = YES_ERROR;
				CLANG_WARN_RANGE_LOOP_ANALYSIS = YES;
				CLANG_WARN_STRICT_PROTOTYPES = YES;
				CLANG_WARN_SUSPICIOUS_MOVE = YES;
				CLANG_WARN_UNGUARDED_AVAILABILITY = YES_AGGRESSIVE;
				CLANG_WARN_UNREACHABLE_CODE = YES;
				CLANG_WARN__DUPLICATE_METHOD_MATCH = YES;
				COPY_PHASE_STRIP = NO;
				DEBUG_INFORMATION_FORMAT = "dwarf-with-dsym";
				ENABLE_NS_ASSERTIONS = NO;
				ENABLE_STRICT_OBJC_MSGSEND = YES;
				GCC_C_LANGUAGE_STANDARD = gnu11;
				GCC_NO_COMMON_BLOCKS = YES;
				GCC_WARN_64_TO_32_BIT_CONVERSION = YES;
				GCC_WARN_ABOUT_RETURN_TYPE = YES_ERROR;
				GCC_WARN_UNDECLARED_SELECTOR = YES;
				GCC_WARN_UNINITIALIZED_AUTOS = YES_AGGRESSIVE;
				GCC_WARN_UNUSED_FUNCTION = YES;
				GCC_WARN_UNUSED_VARIABLE = YES;
				IPHONEOS_DEPLOYMENT_TARGET = 13.6;
				MTL_ENABLE_DEBUG_INFO = NO;
				MTL_FAST_MATH = YES;
				SDKROOT = iphoneos;
				SWIFT_COMPILATION_MODE = wholemodule;
				SWIFT_OPTIMIZATION_LEVEL = "-O";
				VALIDATE_PRODUCT = YES;
			};
			name = Release;
		};
		D441D3DF24E80E5A00ACCC4E /* Debug */ = {
			isa = XCBuildConfiguration;
			buildSettings = {
				ASSETCATALOG_COMPILER_APPICON_NAME = AppIcon;
				CODE_SIGN_ENTITLEMENTS = Clock/Clock.entitlements;
				CODE_SIGN_STYLE = Automatic;
				DEVELOPMENT_TEAM = PA272Y5JK8;
				INFOPLIST_FILE = Clock/Info.plist;
				IPHONEOS_DEPLOYMENT_TARGET = 13.0;
				LD_RUNPATH_SEARCH_PATHS = (
					"$(inherited)",
					"@executable_path/Frameworks",
				);
				PRODUCT_BUNDLE_IDENTIFIER = com.hardijs.Clock;
				PRODUCT_NAME = "$(TARGET_NAME)";
				SWIFT_VERSION = 5.0;
				TARGETED_DEVICE_FAMILY = "1,2";
			};
			name = Debug;
		};
		D441D3E024E80E5A00ACCC4E /* Release */ = {
			isa = XCBuildConfiguration;
			buildSettings = {
				ASSETCATALOG_COMPILER_APPICON_NAME = AppIcon;
				CODE_SIGN_ENTITLEMENTS = Clock/Clock.entitlements;
				CODE_SIGN_STYLE = Automatic;
				DEVELOPMENT_TEAM = PA272Y5JK8;
				INFOPLIST_FILE = Clock/Info.plist;
				IPHONEOS_DEPLOYMENT_TARGET = 13.0;
				LD_RUNPATH_SEARCH_PATHS = (
					"$(inherited)",
					"@executable_path/Frameworks",
				);
				PRODUCT_BUNDLE_IDENTIFIER = com.hardijs.Clock;
				PRODUCT_NAME = "$(TARGET_NAME)";
				SWIFT_VERSION = 5.0;
				TARGETED_DEVICE_FAMILY = "1,2";
			};
			name = Release;
		};
		D441D3E224E80E5A00ACCC4E /* Debug */ = {
			isa = XCBuildConfiguration;
			buildSettings = {
				ALWAYS_EMBED_SWIFT_STANDARD_LIBRARIES = YES;
				BUNDLE_LOADER = "$(TEST_HOST)";
				CODE_SIGN_STYLE = Automatic;
				DEVELOPMENT_TEAM = PA272Y5JK8;
				INFOPLIST_FILE = ClockTests/Info.plist;
				IPHONEOS_DEPLOYMENT_TARGET = 13.6;
				LD_RUNPATH_SEARCH_PATHS = (
					"$(inherited)",
					"@executable_path/Frameworks",
					"@loader_path/Frameworks",
				);
				PRODUCT_BUNDLE_IDENTIFIER = com.hardijs.ClockTests;
				PRODUCT_NAME = "$(TARGET_NAME)";
				SWIFT_VERSION = 5.0;
				TARGETED_DEVICE_FAMILY = "1,2";
				TEST_HOST = "$(BUILT_PRODUCTS_DIR)/Clock.app/Clock";
			};
			name = Debug;
		};
		D441D3E324E80E5A00ACCC4E /* Release */ = {
			isa = XCBuildConfiguration;
			buildSettings = {
				ALWAYS_EMBED_SWIFT_STANDARD_LIBRARIES = YES;
				BUNDLE_LOADER = "$(TEST_HOST)";
				CODE_SIGN_STYLE = Automatic;
				DEVELOPMENT_TEAM = PA272Y5JK8;
				INFOPLIST_FILE = ClockTests/Info.plist;
				IPHONEOS_DEPLOYMENT_TARGET = 13.6;
				LD_RUNPATH_SEARCH_PATHS = (
					"$(inherited)",
					"@executable_path/Frameworks",
					"@loader_path/Frameworks",
				);
				PRODUCT_BUNDLE_IDENTIFIER = com.hardijs.ClockTests;
				PRODUCT_NAME = "$(TARGET_NAME)";
				SWIFT_VERSION = 5.0;
				TARGETED_DEVICE_FAMILY = "1,2";
				TEST_HOST = "$(BUILT_PRODUCTS_DIR)/Clock.app/Clock";
			};
			name = Release;
		};
		D441D3E524E80E5A00ACCC4E /* Debug */ = {
			isa = XCBuildConfiguration;
			buildSettings = {
				ALWAYS_EMBED_SWIFT_STANDARD_LIBRARIES = YES;
				CODE_SIGN_STYLE = Automatic;
				DEVELOPMENT_TEAM = PA272Y5JK8;
				INFOPLIST_FILE = ClockUITests/Info.plist;
				LD_RUNPATH_SEARCH_PATHS = (
					"$(inherited)",
					"@executable_path/Frameworks",
					"@loader_path/Frameworks",
				);
				PRODUCT_BUNDLE_IDENTIFIER = com.hardijs.ClockUITests;
				PRODUCT_NAME = "$(TARGET_NAME)";
				SWIFT_VERSION = 5.0;
				TARGETED_DEVICE_FAMILY = "1,2";
				TEST_TARGET_NAME = Clock;
			};
			name = Debug;
		};
		D441D3E624E80E5A00ACCC4E /* Release */ = {
			isa = XCBuildConfiguration;
			buildSettings = {
				ALWAYS_EMBED_SWIFT_STANDARD_LIBRARIES = YES;
				CODE_SIGN_STYLE = Automatic;
				DEVELOPMENT_TEAM = PA272Y5JK8;
				INFOPLIST_FILE = ClockUITests/Info.plist;
				LD_RUNPATH_SEARCH_PATHS = (
					"$(inherited)",
					"@executable_path/Frameworks",
					"@loader_path/Frameworks",
				);
				PRODUCT_BUNDLE_IDENTIFIER = com.hardijs.ClockUITests;
				PRODUCT_NAME = "$(TARGET_NAME)";
				SWIFT_VERSION = 5.0;
				TARGETED_DEVICE_FAMILY = "1,2";
				TEST_TARGET_NAME = Clock;
			};
			name = Release;
		};
/* End XCBuildConfiguration section */

/* Begin XCConfigurationList section */
		D441D3AC24E80E5500ACCC4E /* Build configuration list for PBXProject "Clock" */ = {
			isa = XCConfigurationList;
			buildConfigurations = (
				D441D3DC24E80E5900ACCC4E /* Debug */,
				D441D3DD24E80E5900ACCC4E /* Release */,
			);
			defaultConfigurationIsVisible = 0;
			defaultConfigurationName = Release;
		};
		D441D3DE24E80E5A00ACCC4E /* Build configuration list for PBXNativeTarget "Clock" */ = {
			isa = XCConfigurationList;
			buildConfigurations = (
				D441D3DF24E80E5A00ACCC4E /* Debug */,
				D441D3E024E80E5A00ACCC4E /* Release */,
			);
			defaultConfigurationIsVisible = 0;
			defaultConfigurationName = Release;
		};
		D441D3E124E80E5A00ACCC4E /* Build configuration list for PBXNativeTarget "ClockTests" */ = {
			isa = XCConfigurationList;
			buildConfigurations = (
				D441D3E224E80E5A00ACCC4E /* Debug */,
				D441D3E324E80E5A00ACCC4E /* Release */,
			);
			defaultConfigurationIsVisible = 0;
			defaultConfigurationName = Release;
		};
		D441D3E424E80E5A00ACCC4E /* Build configuration list for PBXNativeTarget "ClockUITests" */ = {
			isa = XCConfigurationList;
			buildConfigurations = (
				D441D3E524E80E5A00ACCC4E /* Debug */,
				D441D3E624E80E5A00ACCC4E /* Release */,
			);
			defaultConfigurationIsVisible = 0;
			defaultConfigurationName = Release;
		};
/* End XCConfigurationList section */

/* Begin XCVersionGroup section */
		D441D3BD24E80E5500ACCC4E /* Clock.xcdatamodeld */ = {
			isa = XCVersionGroup;
			children = (
				D441D3BE24E80E5500ACCC4E /* Clock.xcdatamodel */,
			);
			currentVersion = D441D3BE24E80E5500ACCC4E /* Clock.xcdatamodel */;
			path = Clock.xcdatamodeld;
			sourceTree = "<group>";
			versionGroupType = wrapper.xcdatamodel;
		};
/* End XCVersionGroup section */
	};
	rootObject = D441D3A924E80E5500ACCC4E /* Project object */;
}
